
Microsoft Visual Studio Solution File, Format Version 12.00
# Visual Studio Version 16
VisualStudioVersion = 16.0.30611.23
MinimumVisualStudioVersion = 10.0.40219.1
Project("{9A19103F-16F7-4668-BE54-9A1E7A4F7556}") = "DockerTestApp", "NewTestApp\DockerTestApp.csproj", "{E076A387-B650-46AB-A3AF-1ADF9494B92C}"
EndProject
Project("{9A19103F-16F7-4668-BE54-9A1E7A4F7556}") = "AzureVsFunction", "AzureVsFunction\AzureVsFunction.csproj", "{E4CD5E00-E7FA-4025-9719-08B478A7B26E}"
EndProject
Project("{FAE04EC0-301F-11D3-BF4B-00C04F79EFBC}") = "AzureCosmosDB", "AzureCosmosDB\AzureCosmosDB.csproj", "{006334B3-B829-4F6A-8633-712D85B931F0}"
EndProject
Global
	GlobalSection(SolutionConfigurationPlatforms) = preSolution
		Debug|Any CPU = Debug|Any CPU
		Release|Any CPU = Release|Any CPU
	EndGlobalSection
	GlobalSection(ProjectConfigurationPlatforms) = postSolution
		{E076A387-B650-46AB-A3AF-1ADF9494B92C}.Debug|Any CPU.ActiveCfg = Debug|Any CPU
		{E076A387-B650-46AB-A3AF-1ADF9494B92C}.Debug|Any CPU.Build.0 = Debug|Any CPU
		{E076A387-B650-46AB-A3AF-1ADF9494B92C}.Release|Any CPU.ActiveCfg = Release|Any CPU
		{E076A387-B650-46AB-A3AF-1ADF9494B92C}.Release|Any CPU.Build.0 = Release|Any CPU
		{E4CD5E00-E7FA-4025-9719-08B478A7B26E}.Debug|Any CPU.ActiveCfg = Debug|Any CPU
		{E4CD5E00-E7FA-4025-9719-08B478A7B26E}.Debug|Any CPU.Build.0 = Debug|Any CPU
		{E4CD5E00-E7FA-4025-9719-08B478A7B26E}.Release|Any CPU.ActiveCfg = Release|Any CPU
		{E4CD5E00-E7FA-4025-9719-08B478A7B26E}.Release|Any CPU.Build.0 = Release|Any CPU
		{006334B3-B829-4F6A-8633-712D85B931F0}.Debug|Any CPU.ActiveCfg = Debug|Any CPU
		{006334B3-B829-4F6A-8633-712D85B931F0}.Debug|Any CPU.Build.0 = Debug|Any CPU
		{006334B3-B829-4F6A-8633-712D85B931F0}.Release|Any CPU.ActiveCfg = Release|Any CPU
		{006334B3-B829-4F6A-8633-712D85B931F0}.Release|Any CPU.Build.0 = Release|Any CPU
	EndGlobalSection
	GlobalSection(SolutionProperties) = preSolution
		HideSolutionNode = FALSE
	EndGlobalSection
	GlobalSection(ExtensibilityGlobals) = postSolution
		SolutionGuid = {E7929AC4-AB37-475A-ACCC-D8F476335AA4}
	EndGlobalSection
EndGlobal
